{
    "version": 3,
    "terraform_version": "0.11.9",
    "serial": 8,
    "lineage": "deb26a44-def1-6a38-8666-cea2cda9d7fe",
    "modules": [
        {
            "path": [
                "root"
            ],
            "outputs": {},
            "resources": {
                "aws_internet_gateway.Terraform-IGW": {
                    "type": "aws_internet_gateway",
                    "depends_on": [
                        "aws_vpc.Terraform-Vpc"
                    ],
                    "primary": {
                        "id": "igw-0cb75e1249a966ab1",
                        "attributes": {
                            "id": "igw-0cb75e1249a966ab1",
                            "owner_id": "392378122658",
                            "tags.%": "1",
                            "tags.Name": "Terraform-IGW",
                            "vpc_id": "vpc-0887e38adccac3d87"
                        },
                        "meta": {},
                        "tainted": false
                    },
                    "deposed": [],
                    "provider": "provider.aws"
                },
                "aws_route.Terraform-route": {
                    "type": "aws_route",
                    "depends_on": [
                        "aws_internet_gateway.Terraform-IGW",
                        "aws_route_table.Terraform-Route-Table"
                    ],
                    "primary": {
                        "id": "r-rtb-000b533b1c3b212561080289494",
                        "attributes": {
                            "destination_cidr_block": "0.0.0.0/0",
                            "destination_prefix_list_id": "",
                            "egress_only_gateway_id": "",
                            "gateway_id": "igw-0cb75e1249a966ab1",
                            "id": "r-rtb-000b533b1c3b212561080289494",
                            "instance_id": "",
                            "instance_owner_id": "",
                            "nat_gateway_id": "",
                            "network_interface_id": "",
                            "origin": "CreateRoute",
                            "route_table_id": "rtb-000b533b1c3b21256",
                            "state": "active",
                            "transit_gateway_id": "",
                            "vpc_peering_connection_id": ""
                        },
                        "meta": {
                            "e2bfb730-ecaa-11e6-8f88-34363bc7c4c0": {
                                "create": 120000000000,
                                "delete": 300000000000
                            }
                        },
                        "tainted": false
                    },
                    "deposed": [],
                    "provider": "provider.aws"
                },
                "aws_route_table.Terraform-Route-Table": {
                    "type": "aws_route_table",
                    "depends_on": [
                        "aws_vpc.Terraform-Vpc"
                    ],
                    "primary": {
                        "id": "rtb-000b533b1c3b21256",
                        "attributes": {
                            "id": "rtb-000b533b1c3b21256",
                            "owner_id": "392378122658",
                            "propagating_vgws.#": "0",
                            "route.#": "1",
                            "route.1079702199.cidr_block": "0.0.0.0/0",
                            "route.1079702199.egress_only_gateway_id": "",
                            "route.1079702199.gateway_id": "igw-0cb75e1249a966ab1",
                            "route.1079702199.instance_id": "",
                            "route.1079702199.ipv6_cidr_block": "",
                            "route.1079702199.nat_gateway_id": "",
                            "route.1079702199.network_interface_id": "",
                            "route.1079702199.transit_gateway_id": "",
                            "route.1079702199.vpc_peering_connection_id": "",
                            "tags.%": "1",
                            "tags.Name": "Terraform-Route-Table",
                            "vpc_id": "vpc-0887e38adccac3d87"
                        },
                        "meta": {},
                        "tainted": false
                    },
                    "deposed": [],
                    "provider": "provider.aws"
                },
                "aws_route_table_association.Terraform-route-association": {
                    "type": "aws_route_table_association",
                    "depends_on": [
                        "aws_route_table.Terraform-Route-Table",
                        "aws_subnet.Terraform-subnet-1"
                    ],
                    "primary": {
                        "id": "rtbassoc-096d0ca346081e22b",
                        "attributes": {
                            "id": "rtbassoc-096d0ca346081e22b",
                            "route_table_id": "rtb-000b533b1c3b21256",
                            "subnet_id": "subnet-07fd8b5e2dab4e2e7"
                        },
                        "meta": {},
                        "tainted": false
                    },
                    "deposed": [],
                    "provider": "provider.aws"
                },
                "aws_security_group.Terraform-SG": {
                    "type": "aws_security_group",
                    "depends_on": [
                        "aws_vpc.Terraform-Vpc"
                    ],
                    "primary": {
                        "id": "sg-094c71387233f0393",
                        "attributes": {
                            "arn": "arn:aws:ec2:us-east-1:392378122658:security-group/sg-094c71387233f0393",
                            "description": "Terraform-SG",
                            "egress.#": "0",
                            "id": "sg-094c71387233f0393",
                            "ingress.#": "0",
                            "name": "terraform-20200612032857800100000001",
                            "owner_id": "392378122658",
                            "revoke_rules_on_delete": "false",
                            "tags.%": "1",
                            "tags.Name": "Terraform-SG",
                            "vpc_id": "vpc-0887e38adccac3d87"
                        },
                        "meta": {
                            "e2bfb730-ecaa-11e6-8f88-34363bc7c4c0": {
                                "create": 600000000000,
                                "delete": 600000000000
                            },
                            "schema_version": "1"
                        },
                        "tainted": false
                    },
                    "deposed": [],
                    "provider": "provider.aws"
                },
                "aws_subnet.Terraform-subnet-1": {
                    "type": "aws_subnet",
                    "depends_on": [
                        "aws_vpc.Terraform-Vpc"
                    ],
                    "primary": {
                        "id": "subnet-07fd8b5e2dab4e2e7",
                        "attributes": {
                            "arn": "arn:aws:ec2:us-east-1:392378122658:subnet/subnet-07fd8b5e2dab4e2e7",
                            "assign_ipv6_address_on_creation": "false",
                            "availability_zone": "us-east-1a",
                            "availability_zone_id": "use1-az1",
                            "cidr_block": "10.1.1.0/24",
                            "id": "subnet-07fd8b5e2dab4e2e7",
                            "ipv6_cidr_block": "",
                            "ipv6_cidr_block_association_id": "",
                            "map_public_ip_on_launch": "true",
                            "outpost_arn": "",
                            "owner_id": "392378122658",
                            "tags.%": "1",
                            "tags.Name": "Terraform-subnet-1",
                            "vpc_id": "vpc-0887e38adccac3d87"
                        },
                        "meta": {
                            "e2bfb730-ecaa-11e6-8f88-34363bc7c4c0": {
                                "create": 600000000000,
                                "delete": 1200000000000
                            },
                            "schema_version": "1"
                        },
                        "tainted": false
                    },
                    "deposed": [],
                    "provider": "provider.aws"
                },
                "aws_subnet.Terraform-subnet-2": {
                    "type": "aws_subnet",
                    "depends_on": [
                        "aws_vpc.Terraform-Vpc"
                    ],
                    "primary": {
                        "id": "subnet-091a18e9ba29eab6d",
                        "attributes": {
                            "arn": "arn:aws:ec2:us-east-1:392378122658:subnet/subnet-091a18e9ba29eab6d",
                            "assign_ipv6_address_on_creation": "false",
                            "availability_zone": "us-east-1a",
                            "availability_zone_id": "use1-az1",
                            "cidr_block": "10.1.2.0/24",
                            "id": "subnet-091a18e9ba29eab6d",
                            "ipv6_cidr_block": "",
                            "ipv6_cidr_block_association_id": "",
                            "map_public_ip_on_launch": "true",
                            "outpost_arn": "",
                            "owner_id": "392378122658",
                            "tags.%": "1",
                            "tags.Name": "Terraform-subnet-2",
                            "vpc_id": "vpc-0887e38adccac3d87"
                        },
                        "meta": {
                            "e2bfb730-ecaa-11e6-8f88-34363bc7c4c0": {
                                "create": 600000000000,
                                "delete": 1200000000000
                            },
                            "schema_version": "1"
                        },
                        "tainted": false
                    },
                    "deposed": [],
                    "provider": "provider.aws"
                },
                "aws_vpc.Terraform-Vpc": {
                    "type": "aws_vpc",
                    "depends_on": [],
                    "primary": {
                        "id": "vpc-0887e38adccac3d87",
                        "attributes": {
                            "arn": "arn:aws:ec2:us-east-1:392378122658:vpc/vpc-0887e38adccac3d87",
                            "assign_generated_ipv6_cidr_block": "false",
                            "cidr_block": "10.1.0.0/16",
                            "default_network_acl_id": "acl-0238cbd3cf7c8d281",
                            "default_route_table_id": "rtb-0eb1222227c8ad26f",
                            "default_security_group_id": "sg-033e9b27746739ba7",
                            "dhcp_options_id": "dopt-028fd102f52159ef9",
                            "enable_classiclink": "false",
                            "enable_classiclink_dns_support": "false",
                            "enable_dns_hostnames": "true",
                            "enable_dns_support": "true",
                            "id": "vpc-0887e38adccac3d87",
                            "instance_tenancy": "default",
                            "ipv6_association_id": "",
                            "ipv6_cidr_block": "",
                            "main_route_table_id": "rtb-0eb1222227c8ad26f",
                            "owner_id": "392378122658",
                            "tags.%": "1",
                            "tags.Name": "Terraform-Vpc"
                        },
                        "meta": {
                            "schema_version": "1"
                        },
                        "tainted": false
                    },
                    "deposed": [],
                    "provider": "provider.aws"
                }
            },
            "depends_on": []
        }
    ]
}
